{
  "nodes": {
    "nixpkgs": {
      "locked": {
        "lastModified": 1791456040,
        "narHash": "sha256-H83yz/do+hjOO0uujHyH8RgtIQP2v7Mw+cLwcZK/xKc=",
        "owner": "NixOS",
        "repo": "nixpkgs",
        "rev": "e7439b6b14ad3cc35d05608ebca9bce01a25f5f8",
        "type": "github"
      },
      "original": {
        "owner": "NixOS",
        "ref": "nixos-unstable",
        "repo": "nixpkgs",
        "type": "github"
      }
    },
    "root": {
      "inputs": {
        "nixpkgs": "nixpkgs",
        "systems": "systems",
        "treefmt-nix": "treefmt-nix"
      }
    },
    "systems": {
      "locked": {
        "lastModified": 1791244623,
        "narHash": "sha256-uuanbkFk8a313Zfrxdcz8Us/yQtaxNnKJtX8v0ZPpd8=",
        "owner": "nix-systems",
        "repo": "default",
        "rev": "d36eeed142f88b5a636f2e3856a53c61654cf29b",
        "type": "github"
      },
      "original": {
        "id": "systems",
        "type": "indirect"
      }
    },
    "treefmt-nix": {
      "inputs": {
        "nixpkgs": [
          "nixpkgs"
        ]
      },
      "locked": {
        "lastModified": 1791490544,
        "narHash": "sha256-qScE7Wz6Zg7eg8ItUpnkmKgst8weWschGe0E8jM4rj4=",
        "owner": "numtide",
        "repo": "treefmt-nix",
        "rev": "4cfe8d7065cc8ca91c0a50361b6dd74920eeb1f5",
        "type": "github"
      },
      "original": {
        "owner": "numtide",
        "repo": "treefmt-nix",
        "type": "github"
      }
    }
  },
  "root": "root",
  "version": 7
}
